
Microsoft Visual Studio Solution File, Format Version 12.00
# Visual Studio Version 16
VisualStudioVersion = 16.0.30523.141
MinimumVisualStudioVersion = 10.0.40219.1
Project("{FAE04EC0-301F-11D3-BF4B-00C04F79EFBC}") = "EmguCVExamples", "EmguCVExamples\EmguCVExamples.csproj", "{8CD402C3-E0D3-4CEA-B1B6-9E430CD10302}"
EndProject
Project("{FAE04EC0-301F-11D3-BF4B-00C04F79EFBC}") = "ConvexHullExample", "ConvexHullExample\ConvexHullExample.csproj", "{1E773C3F-F6B0-446F-AE34-322F32F065AD}"
EndProject
Project("{FAE04EC0-301F-11D3-BF4B-00C04F79EFBC}") = "FaceDetectionExample", "FaceDetection\FaceDetectionExample.csproj", "{9F8FB859-A4AE-4705-BE12-9382DF46E834}"
EndProject
Global
	GlobalSection(SolutionConfigurationPlatforms) = preSolution
		Debug|Any CPU = Debug|Any CPU
		Debug|x64 = Debug|x64
		Release|Any CPU = Release|Any CPU
		Release|x64 = Release|x64
	EndGlobalSection
	GlobalSection(ProjectConfigurationPlatforms) = postSolution
		{8CD402C3-E0D3-4CEA-B1B6-9E430CD10302}.Debug|Any CPU.ActiveCfg = Debug|Any CPU
		{8CD402C3-E0D3-4CEA-B1B6-9E430CD10302}.Debug|Any CPU.Build.0 = Debug|Any CPU
		{8CD402C3-E0D3-4CEA-B1B6-9E430CD10302}.Debug|x64.ActiveCfg = Debug|x64
		{8CD402C3-E0D3-4CEA-B1B6-9E430CD10302}.Debug|x64.Build.0 = Debug|x64
		{8CD402C3-E0D3-4CEA-B1B6-9E430CD10302}.Release|Any CPU.ActiveCfg = Release|Any CPU
		{8CD402C3-E0D3-4CEA-B1B6-9E430CD10302}.Release|Any CPU.Build.0 = Release|Any CPU
		{8CD402C3-E0D3-4CEA-B1B6-9E430CD10302}.Release|x64.ActiveCfg = Release|x64
		{8CD402C3-E0D3-4CEA-B1B6-9E430CD10302}.Release|x64.Build.0 = Release|x64
		{1E773C3F-F6B0-446F-AE34-322F32F065AD}.Debug|Any CPU.ActiveCfg = Debug|Any CPU
		{1E773C3F-F6B0-446F-AE34-322F32F065AD}.Debug|Any CPU.Build.0 = Debug|Any CPU
		{1E773C3F-F6B0-446F-AE34-322F32F065AD}.Debug|x64.ActiveCfg = Debug|Any CPU
		{1E773C3F-F6B0-446F-AE34-322F32F065AD}.Debug|x64.Build.0 = Debug|Any CPU
		{1E773C3F-F6B0-446F-AE34-322F32F065AD}.Release|Any CPU.ActiveCfg = Release|Any CPU
		{1E773C3F-F6B0-446F-AE34-322F32F065AD}.Release|Any CPU.Build.0 = Release|Any CPU
		{1E773C3F-F6B0-446F-AE34-322F32F065AD}.Release|x64.ActiveCfg = Release|Any CPU
		{1E773C3F-F6B0-446F-AE34-322F32F065AD}.Release|x64.Build.0 = Release|Any CPU
		{9F8FB859-A4AE-4705-BE12-9382DF46E834}.Debug|Any CPU.ActiveCfg = Debug|Any CPU
		{9F8FB859-A4AE-4705-BE12-9382DF46E834}.Debug|Any CPU.Build.0 = Debug|Any CPU
		{9F8FB859-A4AE-4705-BE12-9382DF46E834}.Debug|x64.ActiveCfg = Debug|Any CPU
		{9F8FB859-A4AE-4705-BE12-9382DF46E834}.Debug|x64.Build.0 = Debug|Any CPU
		{9F8FB859-A4AE-4705-BE12-9382DF46E834}.Release|Any CPU.ActiveCfg = Release|Any CPU
		{9F8FB859-A4AE-4705-BE12-9382DF46E834}.Release|Any CPU.Build.0 = Release|Any CPU
		{9F8FB859-A4AE-4705-BE12-9382DF46E834}.Release|x64.ActiveCfg = Release|Any CPU
		{9F8FB859-A4AE-4705-BE12-9382DF46E834}.Release|x64.Build.0 = Release|Any CPU
	EndGlobalSection
	GlobalSection(SolutionProperties) = preSolution
		HideSolutionNode = FALSE
	EndGlobalSection
	GlobalSection(ExtensibilityGlobals) = postSolution
		SolutionGuid = {E799E9F5-28C8-4036-BBF5-631D59BF9E31}
	EndGlobalSection
EndGlobal
